
Microsoft Visual Studio Solution File, Format Version 12.00
# Visual Studio Version 17
VisualStudioVersion = 17.0.31912.275
MinimumVisualStudioVersion = 10.0.40219.1
Project("{FAE04EC0-301F-11D3-BF4B-00C04F79EFBC}") = "What_PageObject", "What_PageObject\What_PageObject.csproj", "{53127F12-1D37-40F4-B544-1CE407957DFF}"
EndProject
Global
	GlobalSection(SolutionConfigurationPlatforms) = preSolution
		Debug|Any CPU = Debug|Any CPU
		Release|Any CPU = Release|Any CPU
	EndGlobalSection
	GlobalSection(ProjectConfigurationPlatforms) = postSolution
		{53127F12-1D37-40F4-B544-1CE407957DFF}.Debug|Any CPU.ActiveCfg = Debug|Any CPU
		{53127F12-1D37-40F4-B544-1CE407957DFF}.Debug|Any CPU.Build.0 = Debug|Any CPU
		{53127F12-1D37-40F4-B544-1CE407957DFF}.Release|Any CPU.ActiveCfg = Release|Any CPU
		{53127F12-1D37-40F4-B544-1CE407957DFF}.Release|Any CPU.Build.0 = Release|Any CPU
	EndGlobalSection
	GlobalSection(SolutionProperties) = preSolution
		HideSolutionNode = FALSE
	EndGlobalSection
	GlobalSection(ExtensibilityGlobals) = postSolution
		SolutionGuid = {72DF341F-6247-433D-9B27-7BE2CE1E424C}
	EndGlobalSection
EndGlobal
